
Microsoft Visual Studio Solution File, Format Version 12.00
# Visual Studio 15
VisualStudioVersion = 15.0.27428.2043
MinimumVisualStudioVersion = 10.0.40219.1
Project("{FAE04EC0-301F-11D3-BF4B-00C04F79EFBC}") = "Test Core", "Test Core\Test Core.csproj", "{4265120A-D250-4075-A513-ED4E83790A7F}"
EndProject
Project("{FAE04EC0-301F-11D3-BF4B-00C04F79EFBC}") = "Core", "Core\Core.csproj", "{1FDE2782-BCC2-4B6D-AC92-AC421FD06F5A}"
EndProject
Global
	GlobalSection(SolutionConfigurationPlatforms) = preSolution
		Connection Localhost|Any CPU = Connection Localhost|Any CPU
		Connection Localhost|x64 = Connection Localhost|x64
		Connection Localhost|x86 = Connection Localhost|x86
		Debug|Any CPU = Debug|Any CPU
		Debug|x64 = Debug|x64
		Debug|x86 = Debug|x86
		Release|Any CPU = Release|Any CPU
		Release|x64 = Release|x64
		Release|x86 = Release|x86
	EndGlobalSection
	GlobalSection(ProjectConfigurationPlatforms) = postSolution
		{4265120A-D250-4075-A513-ED4E83790A7F}.Connection Localhost|Any CPU.ActiveCfg = Connection Localhost|Any CPU
		{4265120A-D250-4075-A513-ED4E83790A7F}.Connection Localhost|Any CPU.Build.0 = Connection Localhost|Any CPU
		{4265120A-D250-4075-A513-ED4E83790A7F}.Connection Localhost|x64.ActiveCfg = Connection Localhost|Any CPU
		{4265120A-D250-4075-A513-ED4E83790A7F}.Connection Localhost|x64.Build.0 = Connection Localhost|Any CPU
		{4265120A-D250-4075-A513-ED4E83790A7F}.Connection Localhost|x86.ActiveCfg = Connection Localhost|Any CPU
		{4265120A-D250-4075-A513-ED4E83790A7F}.Connection Localhost|x86.Build.0 = Connection Localhost|Any CPU
		{4265120A-D250-4075-A513-ED4E83790A7F}.Debug|Any CPU.ActiveCfg = Debug|Any CPU
		{4265120A-D250-4075-A513-ED4E83790A7F}.Debug|Any CPU.Build.0 = Debug|Any CPU
		{4265120A-D250-4075-A513-ED4E83790A7F}.Debug|x64.ActiveCfg = Debug|Any CPU
		{4265120A-D250-4075-A513-ED4E83790A7F}.Debug|x64.Build.0 = Debug|Any CPU
		{4265120A-D250-4075-A513-ED4E83790A7F}.Debug|x86.ActiveCfg = Debug|Any CPU
		{4265120A-D250-4075-A513-ED4E83790A7F}.Debug|x86.Build.0 = Debug|Any CPU
		{4265120A-D250-4075-A513-ED4E83790A7F}.Release|Any CPU.ActiveCfg = Release|Any CPU
		{4265120A-D250-4075-A513-ED4E83790A7F}.Release|Any CPU.Build.0 = Release|Any CPU
		{4265120A-D250-4075-A513-ED4E83790A7F}.Release|x64.ActiveCfg = Release|Any CPU
		{4265120A-D250-4075-A513-ED4E83790A7F}.Release|x64.Build.0 = Release|Any CPU
		{4265120A-D250-4075-A513-ED4E83790A7F}.Release|x86.ActiveCfg = Release|Any CPU
		{4265120A-D250-4075-A513-ED4E83790A7F}.Release|x86.Build.0 = Release|Any CPU
		{1FDE2782-BCC2-4B6D-AC92-AC421FD06F5A}.Connection Localhost|Any CPU.ActiveCfg = Connection Localhost|Any CPU
		{1FDE2782-BCC2-4B6D-AC92-AC421FD06F5A}.Connection Localhost|Any CPU.Build.0 = Connection Localhost|Any CPU
		{1FDE2782-BCC2-4B6D-AC92-AC421FD06F5A}.Connection Localhost|x64.ActiveCfg = Connection Localhost|Any CPU
		{1FDE2782-BCC2-4B6D-AC92-AC421FD06F5A}.Connection Localhost|x64.Build.0 = Connection Localhost|Any CPU
		{1FDE2782-BCC2-4B6D-AC92-AC421FD06F5A}.Connection Localhost|x86.ActiveCfg = Connection Localhost|Any CPU
		{1FDE2782-BCC2-4B6D-AC92-AC421FD06F5A}.Connection Localhost|x86.Build.0 = Connection Localhost|Any CPU
		{1FDE2782-BCC2-4B6D-AC92-AC421FD06F5A}.Debug|Any CPU.ActiveCfg = Debug|Any CPU
		{1FDE2782-BCC2-4B6D-AC92-AC421FD06F5A}.Debug|Any CPU.Build.0 = Debug|Any CPU
		{1FDE2782-BCC2-4B6D-AC92-AC421FD06F5A}.Debug|x64.ActiveCfg = Debug|Any CPU
		{1FDE2782-BCC2-4B6D-AC92-AC421FD06F5A}.Debug|x64.Build.0 = Debug|Any CPU
		{1FDE2782-BCC2-4B6D-AC92-AC421FD06F5A}.Debug|x86.ActiveCfg = Debug|Any CPU
		{1FDE2782-BCC2-4B6D-AC92-AC421FD06F5A}.Debug|x86.Build.0 = Debug|Any CPU
		{1FDE2782-BCC2-4B6D-AC92-AC421FD06F5A}.Release|Any CPU.ActiveCfg = Release|Any CPU
		{1FDE2782-BCC2-4B6D-AC92-AC421FD06F5A}.Release|Any CPU.Build.0 = Release|Any CPU
		{1FDE2782-BCC2-4B6D-AC92-AC421FD06F5A}.Release|x64.ActiveCfg = Release|Any CPU
		{1FDE2782-BCC2-4B6D-AC92-AC421FD06F5A}.Release|x64.Build.0 = Release|Any CPU
		{1FDE2782-BCC2-4B6D-AC92-AC421FD06F5A}.Release|x86.ActiveCfg = Release|Any CPU
		{1FDE2782-BCC2-4B6D-AC92-AC421FD06F5A}.Release|x86.Build.0 = Release|Any CPU
	EndGlobalSection
	GlobalSection(SolutionProperties) = preSolution
		HideSolutionNode = FALSE
	EndGlobalSection
	GlobalSection(ExtensibilityGlobals) = postSolution
		SolutionGuid = {ED12183F-3B74-4BD3-B150-38EA4D89CC5A}
	EndGlobalSection
EndGlobal
